<?xml version="1.0" encoding="utf-8"?>
<Project ToolsVersion="4.0" xmlns="http://schemas.microsoft.com/developer/msbuild/2003">
  <ItemGroup>
    <Filter Include="Исходные файлы">
      <UniqueIdentifier>{4FC737F1-C7A5-4376-A066-2A32D752A2FF}</UniqueIdentifier>
      <Extensions>cpp;c;cc;cxx;c++;cppm;ixx;def;odl;idl;hpj;bat;asm;asmx</Extensions>
    </Filter>
    <Filter Include="Файлы заголовков">
      <UniqueIdentifier>{93995380-89BD-4b04-88EB-625FBE52EBFB}</UniqueIdentifier>
      <Extensions>h;hh;hpp;hxx;h++;hm;inl;inc;ipp;xsd</Extensions>
    </Filter>
    <Filter Include="Файлы ресурсов">
      <UniqueIdentifier>{67DA6AB6-F800-4c08-8B7A-83BB121AAD01}</UniqueIdentifier>
      <Extensions>rc;ico;cur;bmp;dlg;rc2;rct;bin;rgs;gif;jpg;jpeg;jpe;resx;tiff;tif;png;wav;mfcribbon-ms</Extensions>
    </Filter>
  </ItemGroup>
  <ItemGroup>
    <ClCompile Include="Botinki_Vezdehody_Class.cpp">
      <Filter>Исходные файлы</Filter>
    </ClCompile>
    <ClCompile Include="Class_Air_TC.cpp">
      <Filter>Исходные файлы</Filter>
    </ClCompile>
    <ClCompile Include="Class_Land_TC.cpp">
      <Filter>Исходные файлы</Filter>
    </ClCompile>
    <ClCompile Include="Class_TC.cpp">
      <Filter>Исходные файлы</Filter>
    </ClCompile>
    <ClCompile Include="Kentavr_Class.cpp">
      <Filter>Исходные файлы</Filter>
    </ClCompile>
    <ClCompile Include="Kover_Samolet_Class.cpp">
      <Filter>Исходные файлы</Filter>
    </ClCompile>
    <ClCompile Include="Metla_Class.cpp">
      <Filter>Исходные файлы</Filter>
    </ClCompile>
    <ClCompile Include="Orel_Class.cpp">
      <Filter>Исходные файлы</Filter>
    </ClCompile>
    <ClCompile Include="Verblud_Bystrohod_Class.cpp">
      <Filter>Исходные файлы</Filter>
    </ClCompile>
    <ClCompile Include="Verblud_Class.cpp">
      <Filter>Исходные файлы</Filter>
    </ClCompile>
  </ItemGroup>
  <ItemGroup>
    <ClInclude Include="Botinki_Vezdehody_Class.h">
      <Filter>Файлы заголовков</Filter>
    </ClInclude>
    <ClInclude Include="Class_Air_TC.h">
      <Filter>Файлы заголовков</Filter>
    </ClInclude>
    <ClInclude Include="Class_Land_TC.h">
      <Filter>Файлы заголовков</Filter>
    </ClInclude>
    <ClInclude Include="Class_TC.h">
      <Filter>Файлы заголовков</Filter>
    </ClInclude>
    <ClInclude Include="Kentavr_Class.h">
      <Filter>Файлы заголовков</Filter>
    </ClInclude>
    <ClInclude Include="Kover_Samolet_Class.h">
      <Filter>Файлы заголовков</Filter>
    </ClInclude>
    <ClInclude Include="Metla_Class.h">
      <Filter>Файлы заголовков</Filter>
    </ClInclude>
    <ClInclude Include="Orel_Class.h">
      <Filter>Файлы заголовков</Filter>
    </ClInclude>
    <ClInclude Include="Verblud_Bystrohod_Class.h">
      <Filter>Файлы заголовков</Filter>
    </ClInclude>
    <ClInclude Include="Verblud_Class.h">
      <Filter>Файлы заголовков</Filter>
    </ClInclude>
  </ItemGroup>
</Project>